
Microsoft Visual Studio Solution File, Format Version 12.00
# Visual Studio Version 17
VisualStudioVersion = 17.9.34714.143
MinimumVisualStudioVersion = 10.0.40219.1
Project("{9A19103F-16F7-4668-BE54-9A1E7A4F7556}") = "Ecommerce_Server", "Ecommerce_Server\Ecommerce_Server.csproj", "{E5867FE7-52F2-4D7D-B237-DDAC467CA33B}"
EndProject
Project("{9A19103F-16F7-4668-BE54-9A1E7A4F7556}") = "Ecommerce_Client", "Ecommerce_Client\Ecommerce_Client.csproj", "{44E857D9-E949-468E-800F-19F428C5C713}"
EndProject
Project("{9A19103F-16F7-4668-BE54-9A1E7A4F7556}") = "Ecommerce_Library", "Ecommerce_Library\Ecommerce_Library.csproj", "{AD3010A7-5CB5-4C6B-ADFE-D2939A67BBD5}"
EndProject
Global
	GlobalSection(SolutionConfigurationPlatforms) = preSolution
		Debug|Any CPU = Debug|Any CPU
		Release|Any CPU = Release|Any CPU
	EndGlobalSection
	GlobalSection(ProjectConfigurationPlatforms) = postSolution
		{E5867FE7-52F2-4D7D-B237-DDAC467CA33B}.Debug|Any CPU.ActiveCfg = Debug|Any CPU
		{E5867FE7-52F2-4D7D-B237-DDAC467CA33B}.Debug|Any CPU.Build.0 = Debug|Any CPU
		{E5867FE7-52F2-4D7D-B237-DDAC467CA33B}.Release|Any CPU.ActiveCfg = Release|Any CPU
		{E5867FE7-52F2-4D7D-B237-DDAC467CA33B}.Release|Any CPU.Build.0 = Release|Any CPU
		{44E857D9-E949-468E-800F-19F428C5C713}.Debug|Any CPU.ActiveCfg = Debug|Any CPU
		{44E857D9-E949-468E-800F-19F428C5C713}.Debug|Any CPU.Build.0 = Debug|Any CPU
		{44E857D9-E949-468E-800F-19F428C5C713}.Release|Any CPU.ActiveCfg = Release|Any CPU
		{44E857D9-E949-468E-800F-19F428C5C713}.Release|Any CPU.Build.0 = Release|Any CPU
		{AD3010A7-5CB5-4C6B-ADFE-D2939A67BBD5}.Debug|Any CPU.ActiveCfg = Debug|Any CPU
		{AD3010A7-5CB5-4C6B-ADFE-D2939A67BBD5}.Debug|Any CPU.Build.0 = Debug|Any CPU
		{AD3010A7-5CB5-4C6B-ADFE-D2939A67BBD5}.Release|Any CPU.ActiveCfg = Release|Any CPU
		{AD3010A7-5CB5-4C6B-ADFE-D2939A67BBD5}.Release|Any CPU.Build.0 = Release|Any CPU
	EndGlobalSection
	GlobalSection(SolutionProperties) = preSolution
		HideSolutionNode = FALSE
	EndGlobalSection
	GlobalSection(ExtensibilityGlobals) = postSolution
		SolutionGuid = {6A8F0BA8-A815-455E-9E8F-FF32B75057A1}
	EndGlobalSection
EndGlobal
